// !$*UTF8*$!
{
	archiveVersion = 1;
	classes = {
	};
	objectVersion = 51;
	objects = {

/* Begin PBXBuildFile section */
		530C487A2701033E006C49AD /* Model.xcdatamodeld in Sources */ = {isa = PBXBuildFile; fileRef = 530C48782701033E006C49AD /* Model.xcdatamodeld */; };
		5323CED726FD6F57000066F2 /* Services.swift in Sources */ = {isa = PBXBuildFile; fileRef = 53DA767026FB754D00F199BE /* Services.swift */; };
		5323CED826FD6F7A000066F2 /* JSONParser.swift in Sources */ = {isa = PBXBuildFile; fileRef = 53DA767526FB78BE00F199BE /* JSONParser.swift */; };
		5323CED926FD6F9E000066F2 /* ActivityModel.swift in Sources */ = {isa = PBXBuildFile; fileRef = 53DA767326FB77D200F199BE /* ActivityModel.swift */; };
		5323CEDA26FD6FA2000066F2 /* UserActivityChoiceModel.swift in Sources */ = {isa = PBXBuildFile; fileRef = 53DA767726FBA0D300F199BE /* UserActivityChoiceModel.swift */; };
		5343A5F826FD7F6000CB1D85 /* ServicesTests.swift in Sources */ = {isa = PBXBuildFile; fileRef = 5343A5F726FD7F6000CB1D85 /* ServicesTests.swift */; };
		536A93F526F974B000DB5D8D /* AppDelegate.swift in Sources */ = {isa = PBXBuildFile; fileRef = 536A93F426F974B000DB5D8D /* AppDelegate.swift */; };
		536A93F726F974B000DB5D8D /* SceneDelegate.swift in Sources */ = {isa = PBXBuildFile; fileRef = 536A93F626F974B000DB5D8D /* SceneDelegate.swift */; };
		536A93F926F974B000DB5D8D /* BoredAppViewController.swift in Sources */ = {isa = PBXBuildFile; fileRef = 536A93F826F974B000DB5D8D /* BoredAppViewController.swift */; };
		536A93FE26F974B200DB5D8D /* Assets.xcassets in Resources */ = {isa = PBXBuildFile; fileRef = 536A93FD26F974B200DB5D8D /* Assets.xcassets */; };
		536A940126F974B200DB5D8D /* LaunchScreen.storyboard in Resources */ = {isa = PBXBuildFile; fileRef = 536A93FF26F974B200DB5D8D /* LaunchScreen.storyboard */; };
		5376220A2705E0B10000D6F1 /* Activity+CoreDataClass.swift in Sources */ = {isa = PBXBuildFile; fileRef = 537622082705E0B00000D6F1 /* Activity+CoreDataClass.swift */; };
		5376220B2705E0B10000D6F1 /* Activity+CoreDataProperties.swift in Sources */ = {isa = PBXBuildFile; fileRef = 537622092705E0B00000D6F1 /* Activity+CoreDataProperties.swift */; };
		5377564126FEE66E00B18737 /* CoreDataManager.swift in Sources */ = {isa = PBXBuildFile; fileRef = 5377564026FEE66E00B18737 /* CoreDataManager.swift */; };
		537A7EDE26FE1EF30065B898 /* BoredAppViewController + Services Interface.swift in Sources */ = {isa = PBXBuildFile; fileRef = 537A7EDD26FE1EF30065B898 /* BoredAppViewController + Services Interface.swift */; };
		537A7EE126FE2BF40065B898 /* SavedActivitiesViewController.swift in Sources */ = {isa = PBXBuildFile; fileRef = 537A7EE026FE2BF40065B898 /* SavedActivitiesViewController.swift */; };
		537A7EE526FE32090065B898 /* SavedActivitiesViewController + CollectionView Delegate.swift in Sources */ = {isa = PBXBuildFile; fileRef = 537A7EE426FE32090065B898 /* SavedActivitiesViewController + CollectionView Delegate.swift */; };
		537A7EE826FE328C0065B898 /* ActivityCollectionViewCell.swift in Sources */ = {isa = PBXBuildFile; fileRef = 537A7EE726FE328C0065B898 /* ActivityCollectionViewCell.swift */; };
		537A7EEC26FE38AE0065B898 /* SavedActivityModel.swift in Sources */ = {isa = PBXBuildFile; fileRef = 537A7EEB26FE38AE0065B898 /* SavedActivityModel.swift */; };
		53D74EC026F981C5003BCEFA /* NavigationViewController.swift in Sources */ = {isa = PBXBuildFile; fileRef = 53D74EBF26F981C5003BCEFA /* NavigationViewController.swift */; };
		53D74EC526F983E3003BCEFA /* Nunito-ExtraBold.ttf in Resources */ = {isa = PBXBuildFile; fileRef = 53D74EC426F983E3003BCEFA /* Nunito-ExtraBold.ttf */; };
		53D74ECC26F9970D003BCEFA /* CardView.swift in Sources */ = {isa = PBXBuildFile; fileRef = 53D74ECB26F9970D003BCEFA /* CardView.swift */; };
		53D74ECE26F9ACFF003BCEFA /* Nunito-Bold.ttf in Resources */ = {isa = PBXBuildFile; fileRef = 53D74ECD26F9ACFF003BCEFA /* Nunito-Bold.ttf */; };
		53D74ED026F9BA25003BCEFA /* CategorieTypeLabel.swift in Sources */ = {isa = PBXBuildFile; fileRef = 53D74ECF26F9BA25003BCEFA /* CategorieTypeLabel.swift */; };
		53D74ED326F9F8F5003BCEFA /* Helpers.swift in Sources */ = {isa = PBXBuildFile; fileRef = 53D74ED226F9F8F5003BCEFA /* Helpers.swift */; };
		53D74ED626FA14E3003BCEFA /* ParametersViewController.swift in Sources */ = {isa = PBXBuildFile; fileRef = 53D74ED526FA14E3003BCEFA /* ParametersViewController.swift */; };
		53D74ED826FA1F8F003BCEFA /* PriceToggleSettingsTableViewCell.swift in Sources */ = {isa = PBXBuildFile; fileRef = 53D74ED726FA1F8F003BCEFA /* PriceToggleSettingsTableViewCell.swift */; };
		53D74EDA26FA1FDA003BCEFA /* ParametersViewController + Table View Delegate.swift in Sources */ = {isa = PBXBuildFile; fileRef = 53D74ED926FA1FDA003BCEFA /* ParametersViewController + Table View Delegate.swift */; };
		53D74EDC26FA2729003BCEFA /* ParticipantsTextFieldSettingsTableViewCell.swift in Sources */ = {isa = PBXBuildFile; fileRef = 53D74EDB26FA2729003BCEFA /* ParticipantsTextFieldSettingsTableViewCell.swift */; };
		53DA766126FAD5F700F199BE /* CategoriesTypesTableViewCell.swift in Sources */ = {isa = PBXBuildFile; fileRef = 53DA766026FAD5F700F199BE /* CategoriesTypesTableViewCell.swift */; };
		53DA766326FADA9700F199BE /* CategoryTypeCollectionViewCell.swift in Sources */ = {isa = PBXBuildFile; fileRef = 53DA766226FADA9700F199BE /* CategoryTypeCollectionViewCell.swift */; };
		53DA766526FADD4300F199BE /* ParametersViewController + Collection View Delegate.swift in Sources */ = {isa = PBXBuildFile; fileRef = 53DA766426FADD4300F199BE /* ParametersViewController + Collection View Delegate.swift */; };
		53DA766726FB066100F199BE /* ParametersViewController + Responders Delegates.swift in Sources */ = {isa = PBXBuildFile; fileRef = 53DA766626FB066100F199BE /* ParametersViewController + Responders Delegates.swift */; };
		53DA767126FB754D00F199BE /* Services.swift in Sources */ = {isa = PBXBuildFile; fileRef = 53DA767026FB754D00F199BE /* Services.swift */; };
		53DA767426FB77D200F199BE /* ActivityModel.swift in Sources */ = {isa = PBXBuildFile; fileRef = 53DA767326FB77D200F199BE /* ActivityModel.swift */; };
		53DA767626FB78BE00F199BE /* JSONParser.swift in Sources */ = {isa = PBXBuildFile; fileRef = 53DA767526FB78BE00F199BE /* JSONParser.swift */; };
		53DA767826FBA0D300F199BE /* UserActivityChoiceModel.swift in Sources */ = {isa = PBXBuildFile; fileRef = 53DA767726FBA0D300F199BE /* UserActivityChoiceModel.swift */; };
		53DA767A26FBC76500F199BE /* Main.storyboard in Resources */ = {isa = PBXBuildFile; fileRef = 53DA767926FBC76500F199BE /* Main.storyboard */; };
		5ACA2DBC1E27C8A87968BE60 /* Pods_BoredApp_BoredAppUITests.framework in Frameworks */ = {isa = PBXBuildFile; fileRef = 5BC9ABF4CBAE05239621004D /* Pods_BoredApp_BoredAppUITests.framework */; };
		70AD00A491A007CE66F15C8C /* Pods_BoredApp.framework in Frameworks */ = {isa = PBXBuildFile; fileRef = E932F1674A2CCADA33535B0B /* Pods_BoredApp.framework */; };
		DAF5151EF02E33B4C576F6AE /* Pods_BoredAppTests.framework in Frameworks */ = {isa = PBXBuildFile; fileRef = BCB2193A21594520DA8176A1 /* Pods_BoredAppTests.framework */; };
/* End PBXBuildFile section */

/* Begin PBXContainerItemProxy section */
		536A940826F974B200DB5D8D /* PBXContainerItemProxy */ = {
			isa = PBXContainerItemProxy;
			containerPortal = 536A93E926F974B000DB5D8D /* Project object */;
			proxyType = 1;
			remoteGlobalIDString = 536A93F026F974B000DB5D8D;
			remoteInfo = BoredApp;
		};
		536A941326F974B200DB5D8D /* PBXContainerItemProxy */ = {
			isa = PBXContainerItemProxy;
			containerPortal = 536A93E926F974B000DB5D8D /* Project object */;
			proxyType = 1;
			remoteGlobalIDString = 536A93F026F974B000DB5D8D;
			remoteInfo = BoredApp;
		};
/* End PBXContainerItemProxy section */

/* Begin PBXFileReference section */
		3E0216695F198FE13EEF2DE8 /* Pods-BoredApp.debug.xcconfig */ = {isa = PBXFileReference; includeInIndex = 1; lastKnownFileType = text.xcconfig; name = "Pods-BoredApp.debug.xcconfig"; path = "Target Support Files/Pods-BoredApp/Pods-BoredApp.debug.xcconfig"; sourceTree = "<group>"; };
		530C48792701033E006C49AD /* Model.xcdatamodel */ = {isa = PBXFileReference; lastKnownFileType = wrapper.xcdatamodel; path = Model.xcdatamodel; sourceTree = "<group>"; };
		5343A5F726FD7F6000CB1D85 /* ServicesTests.swift */ = {isa = PBXFileReference; lastKnownFileType = sourcecode.swift; path = ServicesTests.swift; sourceTree = "<group>"; };
		536A93F126F974B000DB5D8D /* BoredApp.app */ = {isa = PBXFileReference; explicitFileType = wrapper.application; includeInIndex = 0; path = BoredApp.app; sourceTree = BUILT_PRODUCTS_DIR; };
		536A93F426F974B000DB5D8D /* AppDelegate.swift */ = {isa = PBXFileReference; lastKnownFileType = sourcecode.swift; path = AppDelegate.swift; sourceTree = "<group>"; };
		536A93F626F974B000DB5D8D /* SceneDelegate.swift */ = {isa = PBXFileReference; lastKnownFileType = sourcecode.swift; path = SceneDelegate.swift; sourceTree = "<group>"; };
		536A93F826F974B000DB5D8D /* BoredAppViewController.swift */ = {isa = PBXFileReference; lastKnownFileType = sourcecode.swift; path = BoredAppViewController.swift; sourceTree = "<group>"; };
		536A93FD26F974B200DB5D8D /* Assets.xcassets */ = {isa = PBXFileReference; lastKnownFileType = folder.assetcatalog; path = Assets.xcassets; sourceTree = "<group>"; };
		536A940026F974B200DB5D8D /* Base */ = {isa = PBXFileReference; lastKnownFileType = file.storyboard; name = Base; path = Base.lproj/LaunchScreen.storyboard; sourceTree = "<group>"; };
		536A940226F974B200DB5D8D /* Info.plist */ = {isa = PBXFileReference; lastKnownFileType = text.plist.xml; path = Info.plist; sourceTree = "<group>"; };
		536A940726F974B200DB5D8D /* BoredAppTests.xctest */ = {isa = PBXFileReference; explicitFileType = wrapper.cfbundle; includeInIndex = 0; path = BoredAppTests.xctest; sourceTree = BUILT_PRODUCTS_DIR; };
		536A940D26F974B200DB5D8D /* Info.plist */ = {isa = PBXFileReference; lastKnownFileType = text.plist.xml; path = Info.plist; sourceTree = "<group>"; };
		536A941226F974B200DB5D8D /* BoredAppUITests.xctest */ = {isa = PBXFileReference; explicitFileType = wrapper.cfbundle; includeInIndex = 0; path = BoredAppUITests.xctest; sourceTree = BUILT_PRODUCTS_DIR; };
		537622082705E0B00000D6F1 /* Activity+CoreDataClass.swift */ = {isa = PBXFileReference; lastKnownFileType = sourcecode.swift; name = "Activity+CoreDataClass.swift"; path = "/Users/glebtregubov/Desktop/XCode Projects/BoredApp/CoreData/Activity+CoreDataClass.swift"; sourceTree = "<absolute>"; };
		537622092705E0B00000D6F1 /* Activity+CoreDataProperties.swift */ = {isa = PBXFileReference; lastKnownFileType = sourcecode.swift; name = "Activity+CoreDataProperties.swift"; path = "/Users/glebtregubov/Desktop/XCode Projects/BoredApp/CoreData/Activity+CoreDataProperties.swift"; sourceTree = "<absolute>"; };
		5377564026FEE66E00B18737 /* CoreDataManager.swift */ = {isa = PBXFileReference; lastKnownFileType = sourcecode.swift; path = CoreDataManager.swift; sourceTree = "<group>"; };
		537A7EDD26FE1EF30065B898 /* BoredAppViewController + Services Interface.swift */ = {isa = PBXFileReference; lastKnownFileType = sourcecode.swift; path = "BoredAppViewController + Services Interface.swift"; sourceTree = "<group>"; };
		537A7EE026FE2BF40065B898 /* SavedActivitiesViewController.swift */ = {isa = PBXFileReference; lastKnownFileType = sourcecode.swift; path = SavedActivitiesViewController.swift; sourceTree = "<group>"; };
		537A7EE426FE32090065B898 /* SavedActivitiesViewController + CollectionView Delegate.swift */ = {isa = PBXFileReference; lastKnownFileType = sourcecode.swift; path = "SavedActivitiesViewController + CollectionView Delegate.swift"; sourceTree = "<group>"; };
		537A7EE726FE328C0065B898 /* ActivityCollectionViewCell.swift */ = {isa = PBXFileReference; lastKnownFileType = sourcecode.swift; path = ActivityCollectionViewCell.swift; sourceTree = "<group>"; };
		537A7EEB26FE38AE0065B898 /* SavedActivityModel.swift */ = {isa = PBXFileReference; lastKnownFileType = sourcecode.swift; path = SavedActivityModel.swift; sourceTree = "<group>"; };
		53D74EBF26F981C5003BCEFA /* NavigationViewController.swift */ = {isa = PBXFileReference; lastKnownFileType = sourcecode.swift; path = NavigationViewController.swift; sourceTree = "<group>"; };
		53D74EC426F983E3003BCEFA /* Nunito-ExtraBold.ttf */ = {isa = PBXFileReference; lastKnownFileType = file; path = "Nunito-ExtraBold.ttf"; sourceTree = "<group>"; };
		53D74ECB26F9970D003BCEFA /* CardView.swift */ = {isa = PBXFileReference; lastKnownFileType = sourcecode.swift; path = CardView.swift; sourceTree = "<group>"; };
		53D74ECD26F9ACFF003BCEFA /* Nunito-Bold.ttf */ = {isa = PBXFileReference; lastKnownFileType = file; path = "Nunito-Bold.ttf"; sourceTree = "<group>"; };
		53D74ECF26F9BA25003BCEFA /* CategorieTypeLabel.swift */ = {isa = PBXFileReference; lastKnownFileType = sourcecode.swift; path = CategorieTypeLabel.swift; sourceTree = "<group>"; };
		53D74ED226F9F8F5003BCEFA /* Helpers.swift */ = {isa = PBXFileReference; lastKnownFileType = sourcecode.swift; path = Helpers.swift; sourceTree = "<group>"; };
		53D74ED526FA14E3003BCEFA /* ParametersViewController.swift */ = {isa = PBXFileReference; lastKnownFileType = sourcecode.swift; path = ParametersViewController.swift; sourceTree = "<group>"; };
		53D74ED726FA1F8F003BCEFA /* PriceToggleSettingsTableViewCell.swift */ = {isa = PBXFileReference; lastKnownFileType = sourcecode.swift; path = PriceToggleSettingsTableViewCell.swift; sourceTree = "<group>"; };
		53D74ED926FA1FDA003BCEFA /* ParametersViewController + Table View Delegate.swift */ = {isa = PBXFileReference; lastKnownFileType = sourcecode.swift; path = "ParametersViewController + Table View Delegate.swift"; sourceTree = "<group>"; };
		53D74EDB26FA2729003BCEFA /* ParticipantsTextFieldSettingsTableViewCell.swift */ = {isa = PBXFileReference; lastKnownFileType = sourcecode.swift; path = ParticipantsTextFieldSettingsTableViewCell.swift; sourceTree = "<group>"; };
		53DA766026FAD5F700F199BE /* CategoriesTypesTableViewCell.swift */ = {isa = PBXFileReference; lastKnownFileType = sourcecode.swift; path = CategoriesTypesTableViewCell.swift; sourceTree = "<group>"; };
		53DA766226FADA9700F199BE /* CategoryTypeCollectionViewCell.swift */ = {isa = PBXFileReference; lastKnownFileType = sourcecode.swift; path = CategoryTypeCollectionViewCell.swift; sourceTree = "<group>"; };
		53DA766426FADD4300F199BE /* ParametersViewController + Collection View Delegate.swift */ = {isa = PBXFileReference; lastKnownFileType = sourcecode.swift; path = "ParametersViewController + Collection View Delegate.swift"; sourceTree = "<group>"; };
		53DA766626FB066100F199BE /* ParametersViewController + Responders Delegates.swift */ = {isa = PBXFileReference; lastKnownFileType = sourcecode.swift; path = "ParametersViewController + Responders Delegates.swift"; sourceTree = "<group>"; };
		53DA767026FB754D00F199BE /* Services.swift */ = {isa = PBXFileReference; lastKnownFileType = sourcecode.swift; path = Services.swift; sourceTree = "<group>"; };
		53DA767326FB77D200F199BE /* ActivityModel.swift */ = {isa = PBXFileReference; lastKnownFileType = sourcecode.swift; path = ActivityModel.swift; sourceTree = "<group>"; };
		53DA767526FB78BE00F199BE /* JSONParser.swift */ = {isa = PBXFileReference; lastKnownFileType = sourcecode.swift; path = JSONParser.swift; sourceTree = "<group>"; };
		53DA767726FBA0D300F199BE /* UserActivityChoiceModel.swift */ = {isa = PBXFileReference; lastKnownFileType = sourcecode.swift; path = UserActivityChoiceModel.swift; sourceTree = "<group>"; };
		53DA767926FBC76500F199BE /* Main.storyboard */ = {isa = PBXFileReference; lastKnownFileType = file.storyboard; path = Main.storyboard; sourceTree = "<group>"; };
		5BC9ABF4CBAE05239621004D /* Pods_BoredApp_BoredAppUITests.framework */ = {isa = PBXFileReference; explicitFileType = wrapper.framework; includeInIndex = 0; path = Pods_BoredApp_BoredAppUITests.framework; sourceTree = BUILT_PRODUCTS_DIR; };
		70BC63B985428B02FBB714D5 /* Pods-BoredApp.release.xcconfig */ = {isa = PBXFileReference; includeInIndex = 1; lastKnownFileType = text.xcconfig; name = "Pods-BoredApp.release.xcconfig"; path = "Target Support Files/Pods-BoredApp/Pods-BoredApp.release.xcconfig"; sourceTree = "<group>"; };
		7C664BF14454CE8AF3194FAC /* Pods-BoredAppTests.debug.xcconfig */ = {isa = PBXFileReference; includeInIndex = 1; lastKnownFileType = text.xcconfig; name = "Pods-BoredAppTests.debug.xcconfig"; path = "Target Support Files/Pods-BoredAppTests/Pods-BoredAppTests.debug.xcconfig"; sourceTree = "<group>"; };
		B41EF6B9F33FD35FF3F15053 /* Pods-BoredAppTests.release.xcconfig */ = {isa = PBXFileReference; includeInIndex = 1; lastKnownFileType = text.xcconfig; name = "Pods-BoredAppTests.release.xcconfig"; path = "Target Support Files/Pods-BoredAppTests/Pods-BoredAppTests.release.xcconfig"; sourceTree = "<group>"; };
		BCB2193A21594520DA8176A1 /* Pods_BoredAppTests.framework */ = {isa = PBXFileReference; explicitFileType = wrapper.framework; includeInIndex = 0; path = Pods_BoredAppTests.framework; sourceTree = BUILT_PRODUCTS_DIR; };
		C0E8157C356924B360AD6ABF /* Pods-BoredApp-BoredAppUITests.release.xcconfig */ = {isa = PBXFileReference; includeInIndex = 1; lastKnownFileType = text.xcconfig; name = "Pods-BoredApp-BoredAppUITests.release.xcconfig"; path = "Target Support Files/Pods-BoredApp-BoredAppUITests/Pods-BoredApp-BoredAppUITests.release.xcconfig"; sourceTree = "<group>"; };
		E932F1674A2CCADA33535B0B /* Pods_BoredApp.framework */ = {isa = PBXFileReference; explicitFileType = wrapper.framework; includeInIndex = 0; path = Pods_BoredApp.framework; sourceTree = BUILT_PRODUCTS_DIR; };
		FF5340BCCA2DC11134C2A919 /* Pods-BoredApp-BoredAppUITests.debug.xcconfig */ = {isa = PBXFileReference; includeInIndex = 1; lastKnownFileType = text.xcconfig; name = "Pods-BoredApp-BoredAppUITests.debug.xcconfig"; path = "Target Support Files/Pods-BoredApp-BoredAppUITests/Pods-BoredApp-BoredAppUITests.debug.xcconfig"; sourceTree = "<group>"; };
/* End PBXFileReference section */

/* Begin PBXFrameworksBuildPhase section */
		536A93EE26F974B000DB5D8D /* Frameworks */ = {
			isa = PBXFrameworksBuildPhase;
			buildActionMask = 2147483647;
			files = (
				70AD00A491A007CE66F15C8C /* Pods_BoredApp.framework in Frameworks */,
			);
			runOnlyForDeploymentPostprocessing = 0;
		};
		536A940426F974B200DB5D8D /* Frameworks */ = {
			isa = PBXFrameworksBuildPhase;
			buildActionMask = 2147483647;
			files = (
				DAF5151EF02E33B4C576F6AE /* Pods_BoredAppTests.framework in Frameworks */,
			);
			runOnlyForDeploymentPostprocessing = 0;
		};
		536A940F26F974B200DB5D8D /* Frameworks */ = {
			isa = PBXFrameworksBuildPhase;
			buildActionMask = 2147483647;
			files = (
				5ACA2DBC1E27C8A87968BE60 /* Pods_BoredApp_BoredAppUITests.framework in Frameworks */,
			);
			runOnlyForDeploymentPostprocessing = 0;
		};
/* End PBXFrameworksBuildPhase section */

/* Begin PBXGroup section */
		536A93E826F974B000DB5D8D = {
			isa = PBXGroup;
			children = (
				53B9092926FED3B80009BF84 /* CoreData */,
				53DA767926FBC76500F199BE /* Main.storyboard */,
				53D74EC126F98283003BCEFA /* Fonts */,
				536A93F326F974B000DB5D8D /* BoredApp */,
				536A940A26F974B200DB5D8D /* BoredAppTests */,
				536A93F226F974B000DB5D8D /* Products */,
				869A74B6DA5637695B912E5F /* Pods */,
				FF7ACD16656784FED8B4B3F0 /* Frameworks */,
			);
			sourceTree = "<group>";
		};
		536A93F226F974B000DB5D8D /* Products */ = {
			isa = PBXGroup;
			children = (
				536A93F126F974B000DB5D8D /* BoredApp.app */,
				536A940726F974B200DB5D8D /* BoredAppTests.xctest */,
				536A941226F974B200DB5D8D /* BoredAppUITests.xctest */,
			);
			name = Products;
			sourceTree = "<group>";
		};
		536A93F326F974B000DB5D8D /* BoredApp */ = {
			isa = PBXGroup;
			children = (
				53DA767226FB77C000F199BE /* Model */,
				53DA766F26FB752400F199BE /* Services */,
				53D74EC826F989F6003BCEFA /* UI */,
				53D74EC626F989D1003BCEFA /* System */,
				53D74ED126F9F8C6003BCEFA /* Util */,
				536A940226F974B200DB5D8D /* Info.plist */,
			);
			path = BoredApp;
			sourceTree = "<group>";
		};
		536A940A26F974B200DB5D8D /* BoredAppTests */ = {
			isa = PBXGroup;
			children = (
				5343A5F726FD7F6000CB1D85 /* ServicesTests.swift */,
				536A940D26F974B200DB5D8D /* Info.plist */,
			);
			path = BoredAppTests;
			sourceTree = "<group>";
		};
		537A7EDF26FE2BC90065B898 /* SavedActivities */ = {
			isa = PBXGroup;
			children = (
				537A7EE626FE32530065B898 /* Views */,
				537A7EE026FE2BF40065B898 /* SavedActivitiesViewController.swift */,
				537A7EE426FE32090065B898 /* SavedActivitiesViewController + CollectionView Delegate.swift */,
			);
			path = SavedActivities;
			sourceTree = "<group>";
		};
		537A7EE626FE32530065B898 /* Views */ = {
			isa = PBXGroup;
			children = (
				537A7EE726FE328C0065B898 /* ActivityCollectionViewCell.swift */,
			);
			path = Views;
			sourceTree = "<group>";
		};
		53B9092926FED3B80009BF84 /* CoreData */ = {
			isa = PBXGroup;
			children = (
				537622082705E0B00000D6F1 /* Activity+CoreDataClass.swift */,
				537622092705E0B00000D6F1 /* Activity+CoreDataProperties.swift */,
				530C48782701033E006C49AD /* Model.xcdatamodeld */,
				5377564026FEE66E00B18737 /* CoreDataManager.swift */,
			);
			path = CoreData;
			sourceTree = "<group>";
		};
		53D74EC126F98283003BCEFA /* Fonts */ = {
			isa = PBXGroup;
			children = (
				53D74ECD26F9ACFF003BCEFA /* Nunito-Bold.ttf */,
				53D74EC426F983E3003BCEFA /* Nunito-ExtraBold.ttf */,
			);
			path = Fonts;
			sourceTree = "<group>";
		};
		53D74EC626F989D1003BCEFA /* System */ = {
			isa = PBXGroup;
			children = (
				536A93F426F974B000DB5D8D /* AppDelegate.swift */,
				536A93F626F974B000DB5D8D /* SceneDelegate.swift */,
				536A93FD26F974B200DB5D8D /* Assets.xcassets */,
				536A93FF26F974B200DB5D8D /* LaunchScreen.storyboard */,
			);
			path = System;
			sourceTree = "<group>";
		};
		53D74EC726F989E4003BCEFA /* Controllers */ = {
			isa = PBXGroup;
			children = (
				53D74EBF26F981C5003BCEFA /* NavigationViewController.swift */,
			);
			path = Controllers;
			sourceTree = "<group>";
		};
		53D74EC826F989F6003BCEFA /* UI */ = {
			isa = PBXGroup;
			children = (
				53D74EC726F989E4003BCEFA /* Controllers */,
				53D74EC926F98A18003BCEFA /* BoredApp */,
				53D74ED426FA1487003BCEFA /* Parameters */,
				537A7EDF26FE2BC90065B898 /* SavedActivities */,
			);
			path = UI;
			sourceTree = "<group>";
		};
		53D74EC926F98A18003BCEFA /* BoredApp */ = {
			isa = PBXGroup;
			children = (
				53DA766926FB186600F199BE /* Views */,
				536A93F826F974B000DB5D8D /* BoredAppViewController.swift */,
				537A7EDD26FE1EF30065B898 /* BoredAppViewController + Services Interface.swift */,
			);
			path = BoredApp;
			sourceTree = "<group>";
		};
		53D74ED126F9F8C6003BCEFA /* Util */ = {
			isa = PBXGroup;
			children = (
				53D74ED226F9F8F5003BCEFA /* Helpers.swift */,
			);
			path = Util;
			sourceTree = "<group>";
		};
		53D74ED426FA1487003BCEFA /* Parameters */ = {
			isa = PBXGroup;
			children = (
				53D74ED526FA14E3003BCEFA /* ParametersViewController.swift */,
				53DA766C26FB18F800F199BE /* CategoryType CollectionView Cells */,
				53DA766B26FB18AE00F199BE /* Parameters TableView Cells */,
				53DA766A26FB188B00F199BE /* Extensions */,
			);
			path = Parameters;
			sourceTree = "<group>";
		};
		53DA766926FB186600F199BE /* Views */ = {
			isa = PBXGroup;
			children = (
				53D74ECF26F9BA25003BCEFA /* CategorieTypeLabel.swift */,
				53D74ECB26F9970D003BCEFA /* CardView.swift */,
			);
			path = Views;
			sourceTree = "<group>";
		};
		53DA766A26FB188B00F199BE /* Extensions */ = {
			isa = PBXGroup;
			children = (
				53D74ED926FA1FDA003BCEFA /* ParametersViewController + Table View Delegate.swift */,
				53DA766426FADD4300F199BE /* ParametersViewController + Collection View Delegate.swift */,
				53DA766626FB066100F199BE /* ParametersViewController + Responders Delegates.swift */,
			);
			path = Extensions;
			sourceTree = "<group>";
		};
		53DA766B26FB18AE00F199BE /* Parameters TableView Cells */ = {
			isa = PBXGroup;
			children = (
				53DA766026FAD5F700F199BE /* CategoriesTypesTableViewCell.swift */,
				53D74EDB26FA2729003BCEFA /* ParticipantsTextFieldSettingsTableViewCell.swift */,
				53D74ED726FA1F8F003BCEFA /* PriceToggleSettingsTableViewCell.swift */,
			);
			path = "Parameters TableView Cells";
			sourceTree = "<group>";
		};
		53DA766C26FB18F800F199BE /* CategoryType CollectionView Cells */ = {
			isa = PBXGroup;
			children = (
				53DA766226FADA9700F199BE /* CategoryTypeCollectionViewCell.swift */,
			);
			path = "CategoryType CollectionView Cells";
			sourceTree = "<group>";
		};
		53DA766F26FB752400F199BE /* Services */ = {
			isa = PBXGroup;
			children = (
				53DA767026FB754D00F199BE /* Services.swift */,
				53DA767526FB78BE00F199BE /* JSONParser.swift */,
			);
			path = Services;
			sourceTree = "<group>";
		};
		53DA767226FB77C000F199BE /* Model */ = {
			isa = PBXGroup;
			children = (
				53DA767326FB77D200F199BE /* ActivityModel.swift */,
				53DA767726FBA0D300F199BE /* UserActivityChoiceModel.swift */,
				537A7EEB26FE38AE0065B898 /* SavedActivityModel.swift */,
			);
			path = Model;
			sourceTree = "<group>";
		};
		869A74B6DA5637695B912E5F /* Pods */ = {
			isa = PBXGroup;
			children = (
				3E0216695F198FE13EEF2DE8 /* Pods-BoredApp.debug.xcconfig */,
				70BC63B985428B02FBB714D5 /* Pods-BoredApp.release.xcconfig */,
				FF5340BCCA2DC11134C2A919 /* Pods-BoredApp-BoredAppUITests.debug.xcconfig */,
				C0E8157C356924B360AD6ABF /* Pods-BoredApp-BoredAppUITests.release.xcconfig */,
				7C664BF14454CE8AF3194FAC /* Pods-BoredAppTests.debug.xcconfig */,
				B41EF6B9F33FD35FF3F15053 /* Pods-BoredAppTests.release.xcconfig */,
			);
			path = Pods;
			sourceTree = "<group>";
		};
		FF7ACD16656784FED8B4B3F0 /* Frameworks */ = {
			isa = PBXGroup;
			children = (
				E932F1674A2CCADA33535B0B /* Pods_BoredApp.framework */,
				5BC9ABF4CBAE05239621004D /* Pods_BoredApp_BoredAppUITests.framework */,
				BCB2193A21594520DA8176A1 /* Pods_BoredAppTests.framework */,
			);
			name = Frameworks;
			sourceTree = "<group>";
		};
/* End PBXGroup section */

/* Begin PBXNativeTarget section */
		536A93F026F974B000DB5D8D /* BoredApp */ = {
			isa = PBXNativeTarget;
			buildConfigurationList = 536A941B26F974B200DB5D8D /* Build configuration list for PBXNativeTarget "BoredApp" */;
			buildPhases = (
				26D991266541994E52C592F9 /* [CP] Check Pods Manifest.lock */,
				536A93ED26F974B000DB5D8D /* Sources */,
				536A93EE26F974B000DB5D8D /* Frameworks */,
				536A93EF26F974B000DB5D8D /* Resources */,
				12F7B73214A3E0DEF46FAC09 /* [CP] Embed Pods Frameworks */,
			);
			buildRules = (
			);
			dependencies = (
			);
			name = BoredApp;
			productName = BoredApp;
			productReference = 536A93F126F974B000DB5D8D /* BoredApp.app */;
			productType = "com.apple.product-type.application";
		};
		536A940626F974B200DB5D8D /* BoredAppTests */ = {
			isa = PBXNativeTarget;
			buildConfigurationList = 536A941E26F974B200DB5D8D /* Build configuration list for PBXNativeTarget "BoredAppTests" */;
			buildPhases = (
				BB1CFF2BECBF90A8930FC83E /* [CP] Check Pods Manifest.lock */,
				536A940326F974B200DB5D8D /* Sources */,
				536A940426F974B200DB5D8D /* Frameworks */,
				536A940526F974B200DB5D8D /* Resources */,
			);
			buildRules = (
			);
			dependencies = (
				536A940926F974B200DB5D8D /* PBXTargetDependency */,
			);
			name = BoredAppTests;
			productName = BoredAppTests;
			productReference = 536A940726F974B200DB5D8D /* BoredAppTests.xctest */;
			productType = "com.apple.product-type.bundle.unit-test";
		};
		536A941126F974B200DB5D8D /* BoredAppUITests */ = {
			isa = PBXNativeTarget;
			buildConfigurationList = 536A942126F974B200DB5D8D /* Build configuration list for PBXNativeTarget "BoredAppUITests" */;
			buildPhases = (
				558C4BA96F5664F65FC09998 /* [CP] Check Pods Manifest.lock */,
				536A940E26F974B200DB5D8D /* Sources */,
				536A940F26F974B200DB5D8D /* Frameworks */,
				536A941026F974B200DB5D8D /* Resources */,
				FCB80BBEDD353F86295DFDB8 /* [CP] Embed Pods Frameworks */,
			);
			buildRules = (
			);
			dependencies = (
				536A941426F974B200DB5D8D /* PBXTargetDependency */,
			);
			name = BoredAppUITests;
			productName = BoredAppUITests;
			productReference = 536A941226F974B200DB5D8D /* BoredAppUITests.xctest */;
			productType = "com.apple.product-type.bundle.ui-testing";
		};
/* End PBXNativeTarget section */

/* Begin PBXProject section */
		536A93E926F974B000DB5D8D /* Project object */ = {
			isa = PBXProject;
			attributes = {
				LastSwiftUpdateCheck = 1250;
				LastUpgradeCheck = 1250;
				TargetAttributes = {
					536A93F026F974B000DB5D8D = {
						CreatedOnToolsVersion = 12.5.1;
					};
					536A940626F974B200DB5D8D = {
						CreatedOnToolsVersion = 12.5.1;
						LastSwiftMigration = 1250;
						TestTargetID = 536A93F026F974B000DB5D8D;
					};
					536A941126F974B200DB5D8D = {
						CreatedOnToolsVersion = 12.5.1;
						TestTargetID = 536A93F026F974B000DB5D8D;
					};
				};
			};
			buildConfigurationList = 536A93EC26F974B000DB5D8D /* Build configuration list for PBXProject "BoredApp" */;
			compatibilityVersion = "Xcode 9.3";
			developmentRegion = en;
			hasScannedForEncodings = 0;
			knownRegions = (
				en,
				Base,
			);
			mainGroup = 536A93E826F974B000DB5D8D;
			productRefGroup = 536A93F226F974B000DB5D8D /* Products */;
			projectDirPath = "";
			projectRoot = "";
			targets = (
				536A93F026F974B000DB5D8D /* BoredApp */,
				536A940626F974B200DB5D8D /* BoredAppTests */,
				536A941126F974B200DB5D8D /* BoredAppUITests */,
			);
		};
/* End PBXProject section */

/* Begin PBXResourcesBuildPhase section */
		536A93EF26F974B000DB5D8D /* Resources */ = {
			isa = PBXResourcesBuildPhase;
			buildActionMask = 2147483647;
			files = (
				536A940126F974B200DB5D8D /* LaunchScreen.storyboard in Resources */,
				53DA767A26FBC76500F199BE /* Main.storyboard in Resources */,
				536A93FE26F974B200DB5D8D /* Assets.xcassets in Resources */,
				53D74ECE26F9ACFF003BCEFA /* Nunito-Bold.ttf in Resources */,
				53D74EC526F983E3003BCEFA /* Nunito-ExtraBold.ttf in Resources */,
			);
			runOnlyForDeploymentPostprocessing = 0;
		};
		536A940526F974B200DB5D8D /* Resources */ = {
			isa = PBXResourcesBuildPhase;
			buildActionMask = 2147483647;
			files = (
			);
			runOnlyForDeploymentPostprocessing = 0;
		};
		536A941026F974B200DB5D8D /* Resources */ = {
			isa = PBXResourcesBuildPhase;
			buildActionMask = 2147483647;
			files = (
			);
			runOnlyForDeploymentPostprocessing = 0;
		};
/* End PBXResourcesBuildPhase section */

/* Begin PBXShellScriptBuildPhase section */
		12F7B73214A3E0DEF46FAC09 /* [CP] Embed Pods Frameworks */ = {
			isa = PBXShellScriptBuildPhase;
			buildActionMask = 2147483647;
			files = (
			);
			inputFileListPaths = (
				"${PODS_ROOT}/Target Support Files/Pods-BoredApp/Pods-BoredApp-frameworks-${CONFIGURATION}-input-files.xcfilelist",
			);
			name = "[CP] Embed Pods Frameworks";
			outputFileListPaths = (
				"${PODS_ROOT}/Target Support Files/Pods-BoredApp/Pods-BoredApp-frameworks-${CONFIGURATION}-output-files.xcfilelist",
			);
			runOnlyForDeploymentPostprocessing = 0;
			shellPath = /bin/sh;
			shellScript = "\"${PODS_ROOT}/Target Support Files/Pods-BoredApp/Pods-BoredApp-frameworks.sh\"\n";
			showEnvVarsInLog = 0;
		};
		26D991266541994E52C592F9 /* [CP] Check Pods Manifest.lock */ = {
			isa = PBXShellScriptBuildPhase;
			buildActionMask = 2147483647;
			files = (
			);
			inputFileListPaths = (
			);
			inputPaths = (
				"${PODS_PODFILE_DIR_PATH}/Podfile.lock",
				"${PODS_ROOT}/Manifest.lock",
			);
			name = "[CP] Check Pods Manifest.lock";
			outputFileListPaths = (
			);
			outputPaths = (
				"$(DERIVED_FILE_DIR)/Pods-BoredApp-checkManifestLockResult.txt",
			);
			runOnlyForDeploymentPostprocessing = 0;
			shellPath = /bin/sh;
			shellScript = "diff \"${PODS_PODFILE_DIR_PATH}/Podfile.lock\" \"${PODS_ROOT}/Manifest.lock\" > /dev/null\nif [ $? != 0 ] ; then\n    # print error to STDERR\n    echo \"error: The sandbox is not in sync with the Podfile.lock. Run 'pod install' or update your CocoaPods installation.\" >&2\n    exit 1\nfi\n# This output is used by Xcode 'outputs' to avoid re-running this script phase.\necho \"SUCCESS\" > \"${SCRIPT_OUTPUT_FILE_0}\"\n";
			showEnvVarsInLog = 0;
		};
		558C4BA96F5664F65FC09998 /* [CP] Check Pods Manifest.lock */ = {
			isa = PBXShellScriptBuildPhase;
			buildActionMask = 2147483647;
			files = (
			);
			inputFileListPaths = (
			);
			inputPaths = (
				"${PODS_PODFILE_DIR_PATH}/Podfile.lock",
				"${PODS_ROOT}/Manifest.lock",
			);
			name = "[CP] Check Pods Manifest.lock";
			outputFileListPaths = (
			);
			outputPaths = (
				"$(DERIVED_FILE_DIR)/Pods-BoredApp-BoredAppUITests-checkManifestLockResult.txt",
			);
			runOnlyForDeploymentPostprocessing = 0;
			shellPath = /bin/sh;
			shellScript = "diff \"${PODS_PODFILE_DIR_PATH}/Podfile.lock\" \"${PODS_ROOT}/Manifest.lock\" > /dev/null\nif [ $? != 0 ] ; then\n    # print error to STDERR\n    echo \"error: The sandbox is not in sync with the Podfile.lock. Run 'pod install' or update your CocoaPods installation.\" >&2\n    exit 1\nfi\n# This output is used by Xcode 'outputs' to avoid re-running this script phase.\necho \"SUCCESS\" > \"${SCRIPT_OUTPUT_FILE_0}\"\n";
			showEnvVarsInLog = 0;
		};
		BB1CFF2BECBF90A8930FC83E /* [CP] Check Pods Manifest.lock */ = {
			isa = PBXShellScriptBuildPhase;
			buildActionMask = 2147483647;
			files = (
			);
			inputFileListPaths = (
			);
			inputPaths = (
				"${PODS_PODFILE_DIR_PATH}/Podfile.lock",
				"${PODS_ROOT}/Manifest.lock",
			);
			name = "[CP] Check Pods Manifest.lock";
			outputFileListPaths = (
			);
			outputPaths = (
				"$(DERIVED_FILE_DIR)/Pods-BoredAppTests-checkManifestLockResult.txt",
			);
			runOnlyForDeploymentPostprocessing = 0;
			shellPath = /bin/sh;
			shellScript = "diff \"${PODS_PODFILE_DIR_PATH}/Podfile.lock\" \"${PODS_ROOT}/Manifest.lock\" > /dev/null\nif [ $? != 0 ] ; then\n    # print error to STDERR\n    echo \"error: The sandbox is not in sync with the Podfile.lock. Run 'pod install' or update your CocoaPods installation.\" >&2\n    exit 1\nfi\n# This output is used by Xcode 'outputs' to avoid re-running this script phase.\necho \"SUCCESS\" > \"${SCRIPT_OUTPUT_FILE_0}\"\n";
			showEnvVarsInLog = 0;
		};
		FCB80BBEDD353F86295DFDB8 /* [CP] Embed Pods Frameworks */ = {
			isa = PBXShellScriptBuildPhase;
			buildActionMask = 2147483647;
			files = (
			);
			inputFileListPaths = (
				"${PODS_ROOT}/Target Support Files/Pods-BoredApp-BoredAppUITests/Pods-BoredApp-BoredAppUITests-frameworks-${CONFIGURATION}-input-files.xcfilelist",
			);
			name = "[CP] Embed Pods Frameworks";
			outputFileListPaths = (
				"${PODS_ROOT}/Target Support Files/Pods-BoredApp-BoredAppUITests/Pods-BoredApp-BoredAppUITests-frameworks-${CONFIGURATION}-output-files.xcfilelist",
			);
			runOnlyForDeploymentPostprocessing = 0;
			shellPath = /bin/sh;
			shellScript = "\"${PODS_ROOT}/Target Support Files/Pods-BoredApp-BoredAppUITests/Pods-BoredApp-BoredAppUITests-frameworks.sh\"\n";
			showEnvVarsInLog = 0;
		};
/* End PBXShellScriptBuildPhase section */

/* Begin PBXSourcesBuildPhase section */
		536A93ED26F974B000DB5D8D /* Sources */ = {
			isa = PBXSourcesBuildPhase;
			buildActionMask = 2147483647;
			files = (
				53D74EC026F981C5003BCEFA /* NavigationViewController.swift in Sources */,
				53D74ED826FA1F8F003BCEFA /* PriceToggleSettingsTableViewCell.swift in Sources */,
				5376220B2705E0B10000D6F1 /* Activity+CoreDataProperties.swift in Sources */,
				53DA767626FB78BE00F199BE /* JSONParser.swift in Sources */,
				530C487A2701033E006C49AD /* Model.xcdatamodeld in Sources */,
				53DA766326FADA9700F199BE /* CategoryTypeCollectionViewCell.swift in Sources */,
				537A7EE526FE32090065B898 /* SavedActivitiesViewController + CollectionView Delegate.swift in Sources */,
				53DA766526FADD4300F199BE /* ParametersViewController + Collection View Delegate.swift in Sources */,
				53DA766126FAD5F700F199BE /* CategoriesTypesTableViewCell.swift in Sources */,
				53D74ED326F9F8F5003BCEFA /* Helpers.swift in Sources */,
				53D74EDA26FA1FDA003BCEFA /* ParametersViewController + Table View Delegate.swift in Sources */,
				53D74ECC26F9970D003BCEFA /* CardView.swift in Sources */,
				53DA767826FBA0D300F199BE /* UserActivityChoiceModel.swift in Sources */,
				53D74ED026F9BA25003BCEFA /* CategorieTypeLabel.swift in Sources */,
				537A7EE126FE2BF40065B898 /* SavedActivitiesViewController.swift in Sources */,
				53D74ED626FA14E3003BCEFA /* ParametersViewController.swift in Sources */,
				53DA767426FB77D200F199BE /* ActivityModel.swift in Sources */,
				536A93F926F974B000DB5D8D /* BoredAppViewController.swift in Sources */,
				53DA766726FB066100F199BE /* ParametersViewController + Responders Delegates.swift in Sources */,
				537A7EE826FE328C0065B898 /* ActivityCollectionViewCell.swift in Sources */,
				536A93F526F974B000DB5D8D /* AppDelegate.swift in Sources */,
				537A7EDE26FE1EF30065B898 /* BoredAppViewController + Services Interface.swift in Sources */,
				536A93F726F974B000DB5D8D /* SceneDelegate.swift in Sources */,
				53DA767126FB754D00F199BE /* Services.swift in Sources */,
				53D74EDC26FA2729003BCEFA /* ParticipantsTextFieldSettingsTableViewCell.swift in Sources */,
				537A7EEC26FE38AE0065B898 /* SavedActivityModel.swift in Sources */,
				5376220A2705E0B10000D6F1 /* Activity+CoreDataClass.swift in Sources */,
				5377564126FEE66E00B18737 /* CoreDataManager.swift in Sources */,
			);
			runOnlyForDeploymentPostprocessing = 0;
		};
		536A940326F974B200DB5D8D /* Sources */ = {
			isa = PBXSourcesBuildPhase;
			buildActionMask = 2147483647;
			files = (
				5323CED926FD6F9E000066F2 /* ActivityModel.swift in Sources */,
				5323CED726FD6F57000066F2 /* Services.swift in Sources */,
				5343A5F826FD7F6000CB1D85 /* ServicesTests.swift in Sources */,
				5323CED826FD6F7A000066F2 /* JSONParser.swift in Sources */,
				5323CEDA26FD6FA2000066F2 /* UserActivityChoiceModel.swift in Sources */,
			);
			runOnlyForDeploymentPostprocessing = 0;
		};
		536A940E26F974B200DB5D8D /* Sources */ = {
			isa = PBXSourcesBuildPhase;
			buildActionMask = 2147483647;
			files = (
			);
			runOnlyForDeploymentPostprocessing = 0;
		};
/* End PBXSourcesBuildPhase section */

/* Begin PBXTargetDependency section */
		536A940926F974B200DB5D8D /* PBXTargetDependency */ = {
			isa = PBXTargetDependency;
			target = 536A93F026F974B000DB5D8D /* BoredApp */;
			targetProxy = 536A940826F974B200DB5D8D /* PBXContainerItemProxy */;
		};
		536A941426F974B200DB5D8D /* PBXTargetDependency */ = {
			isa = PBXTargetDependency;
			target = 536A93F026F974B000DB5D8D /* BoredApp */;
			targetProxy = 536A941326F974B200DB5D8D /* PBXContainerItemProxy */;
		};
/* End PBXTargetDependency section */

/* Begin PBXVariantGroup section */
		536A93FF26F974B200DB5D8D /* LaunchScreen.storyboard */ = {
			isa = PBXVariantGroup;
			children = (
				536A940026F974B200DB5D8D /* Base */,
			);
			name = LaunchScreen.storyboard;
			sourceTree = "<group>";
		};
/* End PBXVariantGroup section */

/* Begin XCBuildConfiguration section */
		536A941926F974B200DB5D8D /* Debug */ = {
			isa = XCBuildConfiguration;
			buildSettings = {
				ALWAYS_SEARCH_USER_PATHS = NO;
				CLANG_ANALYZER_NONNULL = YES;
				CLANG_ANALYZER_NUMBER_OBJECT_CONVERSION = YES_AGGRESSIVE;
				CLANG_CXX_LANGUAGE_STANDARD = "gnu++14";
				CLANG_CXX_LIBRARY = "libc++";
				CLANG_ENABLE_MODULES = YES;
				CLANG_ENABLE_OBJC_ARC = YES;
				CLANG_ENABLE_OBJC_WEAK = YES;
				CLANG_WARN_BLOCK_CAPTURE_AUTORELEASING = YES;
				CLANG_WARN_BOOL_CONVERSION = YES;
				CLANG_WARN_COMMA = YES;
				CLANG_WARN_CONSTANT_CONVERSION = YES;
				CLANG_WARN_DEPRECATED_OBJC_IMPLEMENTATIONS = YES;
				CLANG_WARN_DIRECT_OBJC_ISA_USAGE = YES_ERROR;
				CLANG_WARN_DOCUMENTATION_COMMENTS = YES;
				CLANG_WARN_EMPTY_BODY = YES;
				CLANG_WARN_ENUM_CONVERSION = YES;
				CLANG_WARN_INFINITE_RECURSION = YES;
				CLANG_WARN_INT_CONVERSION = YES;
				CLANG_WARN_NON_LITERAL_NULL_CONVERSION = YES;
				CLANG_WARN_OBJC_IMPLICIT_RETAIN_SELF = YES;
				CLANG_WARN_OBJC_LITERAL_CONVERSION = YES;
				CLANG_WARN_OBJC_ROOT_CLASS = YES_ERROR;
				CLANG_WARN_QUOTED_INCLUDE_IN_FRAMEWORK_HEADER = YES;
				CLANG_WARN_RANGE_LOOP_ANALYSIS = YES;
				CLANG_WARN_STRICT_PROTOTYPES = YES;
				CLANG_WARN_SUSPICIOUS_MOVE = YES;
				CLANG_WARN_UNGUARDED_AVAILABILITY = YES_AGGRESSIVE;
				CLANG_WARN_UNREACHABLE_CODE = YES;
				CLANG_WARN__DUPLICATE_METHOD_MATCH = YES;
				COPY_PHASE_STRIP = NO;
				DEBUG_INFORMATION_FORMAT = dwarf;
				ENABLE_STRICT_OBJC_MSGSEND = YES;
				ENABLE_TESTABILITY = YES;
				GCC_C_LANGUAGE_STANDARD = gnu11;
				GCC_DYNAMIC_NO_PIC = NO;
				GCC_NO_COMMON_BLOCKS = YES;
				GCC_OPTIMIZATION_LEVEL = 0;
				GCC_PREPROCESSOR_DEFINITIONS = (
					"DEBUG=1",
					"$(inherited)",
				);
				GCC_WARN_64_TO_32_BIT_CONVERSION = YES;
				GCC_WARN_ABOUT_RETURN_TYPE = YES_ERROR;
				GCC_WARN_UNDECLARED_SELECTOR = YES;
				GCC_WARN_UNINITIALIZED_AUTOS = YES_AGGRESSIVE;
				GCC_WARN_UNUSED_FUNCTION = YES;
				GCC_WARN_UNUSED_VARIABLE = YES;
				IPHONEOS_DEPLOYMENT_TARGET = 14.5;
				MTL_ENABLE_DEBUG_INFO = INCLUDE_SOURCE;
				MTL_FAST_MATH = YES;
				ONLY_ACTIVE_ARCH = YES;
				SDKROOT = iphoneos;
				SWIFT_ACTIVE_COMPILATION_CONDITIONS = DEBUG;
				SWIFT_OPTIMIZATION_LEVEL = "-Onone";
			};
			name = Debug;
		};
		536A941A26F974B200DB5D8D /* Release */ = {
			isa = XCBuildConfiguration;
			buildSettings = {
				ALWAYS_SEARCH_USER_PATHS = NO;
				CLANG_ANALYZER_NONNULL = YES;
				CLANG_ANALYZER_NUMBER_OBJECT_CONVERSION = YES_AGGRESSIVE;
				CLANG_CXX_LANGUAGE_STANDARD = "gnu++14";
				CLANG_CXX_LIBRARY = "libc++";
				CLANG_ENABLE_MODULES = YES;
				CLANG_ENABLE_OBJC_ARC = YES;
				CLANG_ENABLE_OBJC_WEAK = YES;
				CLANG_WARN_BLOCK_CAPTURE_AUTORELEASING = YES;
				CLANG_WARN_BOOL_CONVERSION = YES;
				CLANG_WARN_COMMA = YES;
				CLANG_WARN_CONSTANT_CONVERSION = YES;
				CLANG_WARN_DEPRECATED_OBJC_IMPLEMENTATIONS = YES;
				CLANG_WARN_DIRECT_OBJC_ISA_USAGE = YES_ERROR;
				CLANG_WARN_DOCUMENTATION_COMMENTS = YES;
				CLANG_WARN_EMPTY_BODY = YES;
				CLANG_WARN_ENUM_CONVERSION = YES;
				CLANG_WARN_INFINITE_RECURSION = YES;
				CLANG_WARN_INT_CONVERSION = YES;
				CLANG_WARN_NON_LITERAL_NULL_CONVERSION = YES;
				CLANG_WARN_OBJC_IMPLICIT_RETAIN_SELF = YES;
				CLANG_WARN_OBJC_LITERAL_CONVERSION = YES;
				CLANG_WARN_OBJC_ROOT_CLASS = YES_ERROR;
				CLANG_WARN_QUOTED_INCLUDE_IN_FRAMEWORK_HEADER = YES;
				CLANG_WARN_RANGE_LOOP_ANALYSIS = YES;
				CLANG_WARN_STRICT_PROTOTYPES = YES;
				CLANG_WARN_SUSPICIOUS_MOVE = YES;
				CLANG_WARN_UNGUARDED_AVAILABILITY = YES_AGGRESSIVE;
				CLANG_WARN_UNREACHABLE_CODE = YES;
				CLANG_WARN__DUPLICATE_METHOD_MATCH = YES;
				COPY_PHASE_STRIP = NO;
				DEBUG_INFORMATION_FORMAT = "dwarf-with-dsym";
				ENABLE_NS_ASSERTIONS = NO;
				ENABLE_STRICT_OBJC_MSGSEND = YES;
				GCC_C_LANGUAGE_STANDARD = gnu11;
				GCC_NO_COMMON_BLOCKS = YES;
				GCC_WARN_64_TO_32_BIT_CONVERSION = YES;
				GCC_WARN_ABOUT_RETURN_TYPE = YES_ERROR;
				GCC_WARN_UNDECLARED_SELECTOR = YES;
				GCC_WARN_UNINITIALIZED_AUTOS = YES_AGGRESSIVE;
				GCC_WARN_UNUSED_FUNCTION = YES;
				GCC_WARN_UNUSED_VARIABLE = YES;
				IPHONEOS_DEPLOYMENT_TARGET = 14.5;
				MTL_ENABLE_DEBUG_INFO = NO;
				MTL_FAST_MATH = YES;
				SDKROOT = iphoneos;
				SWIFT_COMPILATION_MODE = wholemodule;
				SWIFT_OPTIMIZATION_LEVEL = "-O";
				VALIDATE_PRODUCT = YES;
			};
			name = Release;
		};
		536A941C26F974B200DB5D8D /* Debug */ = {
			isa = XCBuildConfiguration;
			baseConfigurationReference = 3E0216695F198FE13EEF2DE8 /* Pods-BoredApp.debug.xcconfig */;
			buildSettings = {
				ASSETCATALOG_COMPILER_APPICON_NAME = AppIcon;
				ASSETCATALOG_COMPILER_GLOBAL_ACCENT_COLOR_NAME = AccentColor;
				CODE_SIGN_STYLE = Automatic;
				DEFINES_MODULE = NO;
				DEVELOPMENT_TEAM = HCZ476YPVU;
				INFOPLIST_FILE = BoredApp/Info.plist;
				LD_RUNPATH_SEARCH_PATHS = (
					"$(inherited)",
					"@executable_path/Frameworks",
				);
				PRODUCT_BUNDLE_IDENTIFIER = com.glebtregubov.BoredApp;
				PRODUCT_NAME = "$(TARGET_NAME)";
				SWIFT_VERSION = 5.0;
				TARGETED_DEVICE_FAMILY = 1;
			};
			name = Debug;
		};
		536A941D26F974B200DB5D8D /* Release */ = {
			isa = XCBuildConfiguration;
			baseConfigurationReference = 70BC63B985428B02FBB714D5 /* Pods-BoredApp.release.xcconfig */;
			buildSettings = {
				ASSETCATALOG_COMPILER_APPICON_NAME = AppIcon;
				ASSETCATALOG_COMPILER_GLOBAL_ACCENT_COLOR_NAME = AccentColor;
				CODE_SIGN_STYLE = Automatic;
				DEFINES_MODULE = NO;
				DEVELOPMENT_TEAM = HCZ476YPVU;
				INFOPLIST_FILE = BoredApp/Info.plist;
				LD_RUNPATH_SEARCH_PATHS = (
					"$(inherited)",
					"@executable_path/Frameworks",
				);
				PRODUCT_BUNDLE_IDENTIFIER = com.glebtregubov.BoredApp;
				PRODUCT_NAME = "$(TARGET_NAME)";
				SWIFT_VERSION = 5.0;
				TARGETED_DEVICE_FAMILY = 1;
			};
			name = Release;
		};
		536A941F26F974B200DB5D8D /* Debug */ = {
			isa = XCBuildConfiguration;
			baseConfigurationReference = 7C664BF14454CE8AF3194FAC /* Pods-BoredAppTests.debug.xcconfig */;
			buildSettings = {
				ALWAYS_EMBED_SWIFT_STANDARD_LIBRARIES = YES;
				BUNDLE_LOADER = "$(TEST_HOST)";
				CLANG_ENABLE_MODULES = YES;
				CODE_SIGN_STYLE = Automatic;
				DEVELOPMENT_TEAM = HCZ476YPVU;
				INFOPLIST_FILE = BoredAppTests/Info.plist;
				IPHONEOS_DEPLOYMENT_TARGET = 14.5;
				LD_RUNPATH_SEARCH_PATHS = (
					"$(inherited)",
					"@executable_path/Frameworks",
					"@loader_path/Frameworks",
				);
				PRODUCT_BUNDLE_IDENTIFIER = com.glebtregubov.BoredAppTests;
				PRODUCT_NAME = "$(TARGET_NAME)";
				SWIFT_OBJC_BRIDGING_HEADER = "";
				SWIFT_OPTIMIZATION_LEVEL = "-Onone";
				SWIFT_VERSION = 5.0;
				TARGETED_DEVICE_FAMILY = "1,2";
				TEST_HOST = "$(BUILT_PRODUCTS_DIR)/BoredApp.app/BoredApp";
			};
			name = Debug;
		};
		536A942026F974B200DB5D8D /* Release */ = {
			isa = XCBuildConfiguration;
			baseConfigurationReference = B41EF6B9F33FD35FF3F15053 /* Pods-BoredAppTests.release.xcconfig */;
			buildSettings = {
				ALWAYS_EMBED_SWIFT_STANDARD_LIBRARIES = YES;
				BUNDLE_LOADER = "$(TEST_HOST)";
				CLANG_ENABLE_MODULES = YES;
				CODE_SIGN_STYLE = Automatic;
				DEVELOPMENT_TEAM = HCZ476YPVU;
				INFOPLIST_FILE = BoredAppTests/Info.plist;
				IPHONEOS_DEPLOYMENT_TARGET = 14.5;
				LD_RUNPATH_SEARCH_PATHS = (
					"$(inherited)",
					"@executable_path/Frameworks",
					"@loader_path/Frameworks",
				);
				PRODUCT_BUNDLE_IDENTIFIER = com.glebtregubov.BoredAppTests;
				PRODUCT_NAME = "$(TARGET_NAME)";
				SWIFT_OBJC_BRIDGING_HEADER = "";
				SWIFT_VERSION = 5.0;
				TARGETED_DEVICE_FAMILY = "1,2";
				TEST_HOST = "$(BUILT_PRODUCTS_DIR)/BoredApp.app/BoredApp";
			};
			name = Release;
		};
		536A942226F974B200DB5D8D /* Debug */ = {
			isa = XCBuildConfiguration;
			baseConfigurationReference = FF5340BCCA2DC11134C2A919 /* Pods-BoredApp-BoredAppUITests.debug.xcconfig */;
			buildSettings = {
				ALWAYS_EMBED_SWIFT_STANDARD_LIBRARIES = YES;
				CODE_SIGN_STYLE = Automatic;
				DEVELOPMENT_TEAM = HCZ476YPVU;
				INFOPLIST_FILE = BoredAppUITests/Info.plist;
				LD_RUNPATH_SEARCH_PATHS = (
					"$(inherited)",
					"@executable_path/Frameworks",
					"@loader_path/Frameworks",
				);
				PRODUCT_BUNDLE_IDENTIFIER = com.glebtregubov.BoredAppUITests;
				PRODUCT_NAME = "$(TARGET_NAME)";
				SWIFT_VERSION = 5.0;
				TARGETED_DEVICE_FAMILY = "1,2";
				TEST_TARGET_NAME = BoredApp;
			};
			name = Debug;
		};
		536A942326F974B200DB5D8D /* Release */ = {
			isa = XCBuildConfiguration;
			baseConfigurationReference = C0E8157C356924B360AD6ABF /* Pods-BoredApp-BoredAppUITests.release.xcconfig */;
			buildSettings = {
				ALWAYS_EMBED_SWIFT_STANDARD_LIBRARIES = YES;
				CODE_SIGN_STYLE = Automatic;
				DEVELOPMENT_TEAM = HCZ476YPVU;
				INFOPLIST_FILE = BoredAppUITests/Info.plist;
				LD_RUNPATH_SEARCH_PATHS = (
					"$(inherited)",
					"@executable_path/Frameworks",
					"@loader_path/Frameworks",
				);
				PRODUCT_BUNDLE_IDENTIFIER = com.glebtregubov.BoredAppUITests;
				PRODUCT_NAME = "$(TARGET_NAME)";
				SWIFT_VERSION = 5.0;
				TARGETED_DEVICE_FAMILY = "1,2";
				TEST_TARGET_NAME = BoredApp;
			};
			name = Release;
		};
/* End XCBuildConfiguration section */

/* Begin XCConfigurationList section */
		536A93EC26F974B000DB5D8D /* Build configuration list for PBXProject "BoredApp" */ = {
			isa = XCConfigurationList;
			buildConfigurations = (
				536A941926F974B200DB5D8D /* Debug */,
				536A941A26F974B200DB5D8D /* Release */,
			);
			defaultConfigurationIsVisible = 0;
			defaultConfigurationName = Release;
		};
		536A941B26F974B200DB5D8D /* Build configuration list for PBXNativeTarget "BoredApp" */ = {
			isa = XCConfigurationList;
			buildConfigurations = (
				536A941C26F974B200DB5D8D /* Debug */,
				536A941D26F974B200DB5D8D /* Release */,
			);
			defaultConfigurationIsVisible = 0;
			defaultConfigurationName = Release;
		};
		536A941E26F974B200DB5D8D /* Build configuration list for PBXNativeTarget "BoredAppTests" */ = {
			isa = XCConfigurationList;
			buildConfigurations = (
				536A941F26F974B200DB5D8D /* Debug */,
				536A942026F974B200DB5D8D /* Release */,
			);
			defaultConfigurationIsVisible = 0;
			defaultConfigurationName = Release;
		};
		536A942126F974B200DB5D8D /* Build configuration list for PBXNativeTarget "BoredAppUITests" */ = {
			isa = XCConfigurationList;
			buildConfigurations = (
				536A942226F974B200DB5D8D /* Debug */,
				536A942326F974B200DB5D8D /* Release */,
			);
			defaultConfigurationIsVisible = 0;
			defaultConfigurationName = Release;
		};
/* End XCConfigurationList section */

/* Begin XCVersionGroup section */
		530C48782701033E006C49AD /* Model.xcdatamodeld */ = {
			isa = XCVersionGroup;
			children = (
				530C48792701033E006C49AD /* Model.xcdatamodel */,
			);
			currentVersion = 530C48792701033E006C49AD /* Model.xcdatamodel */;
			path = Model.xcdatamodeld;
			sourceTree = "<group>";
			versionGroupType = wrapper.xcdatamodel;
		};
/* End XCVersionGroup section */
	};
	rootObject = 536A93E926F974B000DB5D8D /* Project object */;
}
